
Microsoft Visual Studio Solution File, Format Version 12.00
# Visual Studio Version 17
VisualStudioVersion = 17.0.32002.185
MinimumVisualStudioVersion = 10.0.40219.1
Project("{FAE04EC0-301F-11D3-BF4B-00C04F79EFBC}") = "5. Estruturas de Repetição - Do While", "5. Estruturas de Repetição - Do While.csproj", "{56F9C074-CD24-47CC-9688-FF7A81A19F66}"
EndProject
Global
	GlobalSection(SolutionConfigurationPlatforms) = preSolution
		Debug|Any CPU = Debug|Any CPU
		Release|Any CPU = Release|Any CPU
	EndGlobalSection
	GlobalSection(ProjectConfigurationPlatforms) = postSolution
		{56F9C074-CD24-47CC-9688-FF7A81A19F66}.Debug|Any CPU.ActiveCfg = Debug|Any CPU
		{56F9C074-CD24-47CC-9688-FF7A81A19F66}.Debug|Any CPU.Build.0 = Debug|Any CPU
		{56F9C074-CD24-47CC-9688-FF7A81A19F66}.Release|Any CPU.ActiveCfg = Release|Any CPU
		{56F9C074-CD24-47CC-9688-FF7A81A19F66}.Release|Any CPU.Build.0 = Release|Any CPU
	EndGlobalSection
	GlobalSection(SolutionProperties) = preSolution
		HideSolutionNode = FALSE
	EndGlobalSection
	GlobalSection(ExtensibilityGlobals) = postSolution
		SolutionGuid = {90D7DF25-9501-440A-A33E-0472DF990F32}
	EndGlobalSection
EndGlobal
